{
  "version": 4,
  "terraform_version": "0.13.5",
  "serial": 59,
  "lineage": "c753b7ea-2737-60ef-d380-2cbe0a27a8c6",
  "outputs": {
    "loadbalancer-ip": {
      "value": "161.35.252.216",
      "type": "string"
    }
  },
  "resources": [
    {
      "mode": "data",
      "type": "digitalocean_ssh_key",
      "name": "ai-research-inator",
      "provider": "provider[\"registry.terraform.io/digitalocean/digitalocean\"]",
      "instances": [
        {
          "schema_version": 0,
          "attributes": {
            "fingerprint": "d2:3f:5c:2c:e7:6f:10:06:9a:b0:49:16:f1:1a:ec:df",
            "id": "29034054",
            "name": "ai-research-inator",
            "public_key": "ssh-rsa AAAAB3NzaC1yc2EAAAADAQABAAABgQClxdtajgTo3SqEI92PMK+CW1Mb3znQtio6mFIZDZvgBsbsQbJl35ThMffQWIihqnGoEuPk+LkRb+kLtsJYw4VkDhUiXuf+AZjRy3dj/sJ3gbPzzIy6+yvvfMlFzKxrSEAAS9pxfzm5JaOvO6z290/jpelaTy5C+4n8M5yJ+l3M8Qyvf/0YdjKOgkfU9iE9yIIwkgXvu1WansV4yPfQF/v+/hB6lnbtLamSDdIt2LfGe1nu+TcyOx7Rr8W/wmE+FuSt9hxjITXJU18egclNMR9gZrQxUGzalT6lQWtJeiwIRtcgrXCx7MaNps4INkUxqv9JZhvTANhqhQM7B0z6hj0A21FHzSjhA1L80824i/FjmqeyeVVocCCwaDdqBVA0X8WL7l0QvkLjgltFalOFpIaAbjXrLouTmpZ+LRZfDSmo/FR3PYZkZk/CbTv54v54DUKi/nhHWUpyOwmQ+lQTRuuR2tV6d9ax12GFSyPetfCgECezjB5fO2t/fekAFe8q94k= user@vizzer"
          }
        }
      ]
    },
    {
      "module": "module.groups",
      "mode": "managed",
      "type": "digitalocean_droplet",
      "name": "droplets",
      "provider": "provider[\"registry.terraform.io/digitalocean/digitalocean\"]",
      "instances": [
        {
          "index_key": 0,
          "schema_version": 1,
          "attributes": {
            "backups": false,
            "created_at": "2020-11-29T13:38:52Z",
            "disk": 25,
            "id": "219030746",
            "image": "ubuntu-18-04-x64",
            "ipv4_address": "134.209.118.209",
            "ipv4_address_private": "10.136.0.5",
            "ipv6": false,
            "ipv6_address": "",
            "ipv6_address_private": null,
            "locked": false,
            "memory": 1024,
            "monitoring": false,
            "name": "group1-0",
            "price_hourly": 0.00744,
            "price_monthly": 5,
            "private_networking": true,
            "region": "nyc1",
            "resize_disk": true,
            "size": "s-1vcpu-1gb",
            "ssh_keys": null,
            "status": "active",
            "tags": null,
            "urn": "do:droplet:219030746",
            "user_data": null,
            "vcpus": 1,
            "volume_ids": [],
            "vpc_uuid": "acf557e4-d94b-4496-a066-e3baf76e7c02"
          },
          "private": "eyJzY2hlbWFfdmVyc2lvbiI6IjEifQ=="
        },
        {
          "index_key": 1,
          "schema_version": 1,
          "attributes": {
            "backups": false,
            "created_at": "2020-11-29T13:38:51Z",
            "disk": 25,
            "id": "219030745",
            "image": "ubuntu-18-04-x64",
            "ipv4_address": "157.230.239.157",
            "ipv4_address_private": "10.136.0.3",
            "ipv6": false,
            "ipv6_address": "",
            "ipv6_address_private": null,
            "locked": false,
            "memory": 1024,
            "monitoring": false,
            "name": "group1-1",
            "price_hourly": 0.00744,
            "price_monthly": 5,
            "private_networking": true,
            "region": "nyc1",
            "resize_disk": true,
            "size": "s-1vcpu-1gb",
            "ssh_keys": null,
            "status": "active",
            "tags": null,
            "urn": "do:droplet:219030745",
            "user_data": null,
            "vcpus": 1,
            "volume_ids": [],
            "vpc_uuid": "acf557e4-d94b-4496-a066-e3baf76e7c02"
          },
          "private": "eyJzY2hlbWFfdmVyc2lvbiI6IjEifQ=="
        },
        {
          "index_key": 2,
          "schema_version": 1,
          "attributes": {
            "backups": false,
            "created_at": "2020-11-29T13:38:51Z",
            "disk": 25,
            "id": "219030744",
            "image": "ubuntu-18-04-x64",
            "ipv4_address": "157.230.228.255",
            "ipv4_address_private": "10.136.0.4",
            "ipv6": false,
            "ipv6_address": "",
            "ipv6_address_private": null,
            "locked": false,
            "memory": 1024,
            "monitoring": false,
            "name": "group1-2",
            "price_hourly": 0.00744,
            "price_monthly": 5,
            "private_networking": true,
            "region": "nyc1",
            "resize_disk": true,
            "size": "s-1vcpu-1gb",
            "ssh_keys": null,
            "status": "active",
            "tags": null,
            "urn": "do:droplet:219030744",
            "user_data": null,
            "vcpus": 1,
            "volume_ids": [],
            "vpc_uuid": "acf557e4-d94b-4496-a066-e3baf76e7c02"
          },
          "private": "eyJzY2hlbWFfdmVyc2lvbiI6IjEifQ=="
        }
      ]
    },
    {
      "module": "module.groups",
      "mode": "managed",
      "type": "digitalocean_loadbalancer",
      "name": "www-lb",
      "provider": "provider[\"registry.terraform.io/digitalocean/digitalocean\"]",
      "instances": [
        {
          "schema_version": 0,
          "attributes": {
            "algorithm": "round_robin",
            "droplet_ids": [
              219030744,
              219030745,
              219030746
            ],
            "droplet_tag": "",
            "enable_backend_keepalive": false,
            "enable_proxy_protocol": false,
            "forwarding_rule": [
              {
                "certificate_id": "",
                "entry_port": 80,
                "entry_protocol": "http",
                "target_port": 80,
                "target_protocol": "http",
                "tls_passthrough": false
              }
            ],
            "healthcheck": [
              {
                "check_interval_seconds": 10,
                "healthy_threshold": 5,
                "path": "",
                "port": 22,
                "protocol": "tcp",
                "response_timeout_seconds": 5,
                "unhealthy_threshold": 3
              }
            ],
            "id": "cd2773cf-bba8-4fd6-b2a6-8612e58a0ea2",
            "ip": "161.35.252.216",
            "name": "lb-group1",
            "redirect_http_to_https": false,
            "region": "nyc1",
            "status": "active",
            "sticky_sessions": [
              {
                "cookie_name": "",
                "cookie_ttl_seconds": 0,
                "type": "none"
              }
            ],
            "urn": "do:loadbalancer:cd2773cf-bba8-4fd6-b2a6-8612e58a0ea2",
            "vpc_uuid": "acf557e4-d94b-4496-a066-e3baf76e7c02"
          },
          "private": "bnVsbA==",
          "dependencies": [
            "module.groups.digitalocean_droplet.droplets"
          ]
        }
      ]
    }
  ]
}
