{
  "version": 4,
  "terraform_version": "0.13.5",
  "serial": 16,
  "lineage": "c753b7ea-2737-60ef-d380-2cbe0a27a8c6",
  "outputs": {},
  "resources": [
    {
      "mode": "data",
      "type": "digitalocean_ssh_key",
      "name": "ai-research-inator",
      "provider": "provider[\"registry.terraform.io/digitalocean/digitalocean\"]",
      "instances": [
        {
          "schema_version": 0,
          "attributes": {
            "fingerprint": "d2:3f:5c:2c:e7:6f:10:06:9a:b0:49:16:f1:1a:ec:df",
            "id": "29034054",
            "name": "ai-research-inator",
            "public_key": "ssh-rsa AAAAB3NzaC1yc2EAAAADAQABAAABgQClxdtajgTo3SqEI92PMK+CW1Mb3znQtio6mFIZDZvgBsbsQbJl35ThMffQWIihqnGoEuPk+LkRb+kLtsJYw4VkDhUiXuf+AZjRy3dj/sJ3gbPzzIy6+yvvfMlFzKxrSEAAS9pxfzm5JaOvO6z290/jpelaTy5C+4n8M5yJ+l3M8Qyvf/0YdjKOgkfU9iE9yIIwkgXvu1WansV4yPfQF/v+/hB6lnbtLamSDdIt2LfGe1nu+TcyOx7Rr8W/wmE+FuSt9hxjITXJU18egclNMR9gZrQxUGzalT6lQWtJeiwIRtcgrXCx7MaNps4INkUxqv9JZhvTANhqhQM7B0z6hj0A21FHzSjhA1L80824i/FjmqeyeVVocCCwaDdqBVA0X8WL7l0QvkLjgltFalOFpIaAbjXrLouTmpZ+LRZfDSmo/FR3PYZkZk/CbTv54v54DUKi/nhHWUpyOwmQ+lQTRuuR2tV6d9ax12GFSyPetfCgECezjB5fO2t/fekAFe8q94k= user@vizzer"
          }
        }
      ]
    },
    {
      "mode": "managed",
      "type": "digitalocean_droplet",
      "name": "test_droplet",
      "provider": "provider[\"registry.terraform.io/digitalocean/digitalocean\"]",
      "instances": [
        {
          "index_key": "first",
          "schema_version": 1,
          "attributes": {
            "backups": false,
            "created_at": "2020-11-28T17:06:03Z",
            "disk": 25,
            "id": "218905390",
            "image": "ubuntu-18-04-x64",
            "ipv4_address": "165.22.13.171",
            "ipv4_address_private": "10.136.0.4",
            "ipv6": false,
            "ipv6_address": "",
            "ipv6_address_private": null,
            "locked": false,
            "memory": 1024,
            "monitoring": false,
            "name": "first",
            "price_hourly": 0.00744,
            "price_monthly": 5,
            "private_networking": true,
            "region": "nyc1",
            "resize_disk": true,
            "size": "s-1vcpu-1gb",
            "ssh_keys": null,
            "status": "active",
            "tags": [],
            "urn": "do:droplet:218905390",
            "user_data": null,
            "vcpus": 1,
            "volume_ids": [],
            "vpc_uuid": "acf557e4-d94b-4496-a066-e3baf76e7c02"
          },
          "private": "eyJzY2hlbWFfdmVyc2lvbiI6IjEifQ=="
        },
        {
          "index_key": "second",
          "schema_version": 1,
          "attributes": {
            "backups": false,
            "created_at": "2020-11-28T17:06:03Z",
            "disk": 25,
            "id": "218905393",
            "image": "ubuntu-18-04-x64",
            "ipv4_address": "165.22.189.50",
            "ipv4_address_private": "10.136.0.5",
            "ipv6": false,
            "ipv6_address": "",
            "ipv6_address_private": null,
            "locked": false,
            "memory": 1024,
            "monitoring": false,
            "name": "second",
            "price_hourly": 0.00744,
            "price_monthly": 5,
            "private_networking": true,
            "region": "nyc1",
            "resize_disk": true,
            "size": "s-1vcpu-1gb",
            "ssh_keys": null,
            "status": "active",
            "tags": [],
            "urn": "do:droplet:218905393",
            "user_data": null,
            "vcpus": 1,
            "volume_ids": [],
            "vpc_uuid": "acf557e4-d94b-4496-a066-e3baf76e7c02"
          },
          "private": "eyJzY2hlbWFfdmVyc2lvbiI6IjEifQ=="
        },
        {
          "index_key": "third",
          "schema_version": 1,
          "attributes": {
            "backups": false,
            "created_at": "2020-11-28T17:06:03Z",
            "disk": 25,
            "id": "218905392",
            "image": "ubuntu-18-04-x64",
            "ipv4_address": "157.230.93.37",
            "ipv4_address_private": "10.136.0.3",
            "ipv6": false,
            "ipv6_address": "",
            "ipv6_address_private": null,
            "locked": false,
            "memory": 1024,
            "monitoring": false,
            "name": "third",
            "price_hourly": 0.00744,
            "price_monthly": 5,
            "private_networking": true,
            "region": "nyc1",
            "resize_disk": true,
            "size": "s-1vcpu-1gb",
            "ssh_keys": null,
            "status": "active",
            "tags": [],
            "urn": "do:droplet:218905392",
            "user_data": null,
            "vcpus": 1,
            "volume_ids": [],
            "vpc_uuid": "acf557e4-d94b-4496-a066-e3baf76e7c02"
          },
          "private": "eyJzY2hlbWFfdmVyc2lvbiI6IjEifQ=="
        }
      ]
    }
  ]
}
